// !$*UTF8*$!
{
	archiveVersion = 1;
	classes = {
	};
	objectVersion = 55;
	objects = {

/* Begin PBXBuildFile section */
		FB66E8CF2868409D004B1DCF /* AppDelegate.swift in Sources */ = {isa = PBXBuildFile; fileRef = FB66E8CE2868409D004B1DCF /* AppDelegate.swift */; };
		FB66E8D12868409D004B1DCF /* SceneDelegate.swift in Sources */ = {isa = PBXBuildFile; fileRef = FB66E8D02868409D004B1DCF /* SceneDelegate.swift */; };
		FB66E8D32868409D004B1DCF /* ViewController.swift in Sources */ = {isa = PBXBuildFile; fileRef = FB66E8D22868409D004B1DCF /* ViewController.swift */; };
		FB66E8D62868409D004B1DCF /* Main.storyboard in Resources */ = {isa = PBXBuildFile; fileRef = FB66E8D42868409D004B1DCF /* Main.storyboard */; };
		FB66E8D82868409F004B1DCF /* Assets.xcassets in Resources */ = {isa = PBXBuildFile; fileRef = FB66E8D72868409F004B1DCF /* Assets.xcassets */; };
		FB66E8DB2868409F004B1DCF /* LaunchScreen.storyboard in Resources */ = {isa = PBXBuildFile; fileRef = FB66E8D92868409F004B1DCF /* LaunchScreen.storyboard */; };
		FB66E8E62868409F004B1DCF /* TodoAppTests.swift in Sources */ = {isa = PBXBuildFile; fileRef = FB66E8E52868409F004B1DCF /* TodoAppTests.swift */; };
		FB66E8F02868409F004B1DCF /* TodoAppUITests.swift in Sources */ = {isa = PBXBuildFile; fileRef = FB66E8EF2868409F004B1DCF /* TodoAppUITests.swift */; };
		FB66E8F22868409F004B1DCF /* TodoAppUITestsLaunchTests.swift in Sources */ = {isa = PBXBuildFile; fileRef = FB66E8F12868409F004B1DCF /* TodoAppUITestsLaunchTests.swift */; };
		FB66E8FF2868436A004B1DCF /* Todo.swift in Sources */ = {isa = PBXBuildFile; fileRef = FB66E8FE2868436A004B1DCF /* Todo.swift */; };
		FB66E901286845DD004B1DCF /* TodoItem.swift in Sources */ = {isa = PBXBuildFile; fileRef = FB66E900286845DD004B1DCF /* TodoItem.swift */; };
/* End PBXBuildFile section */

/* Begin PBXContainerItemProxy section */
		FB66E8E22868409F004B1DCF /* PBXContainerItemProxy */ = {
			isa = PBXContainerItemProxy;
			containerPortal = FB66E8C32868409C004B1DCF /* Project object */;
			proxyType = 1;
			remoteGlobalIDString = FB66E8CA2868409D004B1DCF;
			remoteInfo = TodoApp;
		};
		FB66E8EC2868409F004B1DCF /* PBXContainerItemProxy */ = {
			isa = PBXContainerItemProxy;
			containerPortal = FB66E8C32868409C004B1DCF /* Project object */;
			proxyType = 1;
			remoteGlobalIDString = FB66E8CA2868409D004B1DCF;
			remoteInfo = TodoApp;
		};
/* End PBXContainerItemProxy section */

/* Begin PBXFileReference section */
		FB66E8CB2868409D004B1DCF /* TodoApp.app */ = {isa = PBXFileReference; explicitFileType = wrapper.application; includeInIndex = 0; path = TodoApp.app; sourceTree = BUILT_PRODUCTS_DIR; };
		FB66E8CE2868409D004B1DCF /* AppDelegate.swift */ = {isa = PBXFileReference; lastKnownFileType = sourcecode.swift; path = AppDelegate.swift; sourceTree = "<group>"; };
		FB66E8D02868409D004B1DCF /* SceneDelegate.swift */ = {isa = PBXFileReference; lastKnownFileType = sourcecode.swift; path = SceneDelegate.swift; sourceTree = "<group>"; };
		FB66E8D22868409D004B1DCF /* ViewController.swift */ = {isa = PBXFileReference; lastKnownFileType = sourcecode.swift; path = ViewController.swift; sourceTree = "<group>"; };
		FB66E8D52868409D004B1DCF /* Base */ = {isa = PBXFileReference; lastKnownFileType = file.storyboard; name = Base; path = Base.lproj/Main.storyboard; sourceTree = "<group>"; };
		FB66E8D72868409F004B1DCF /* Assets.xcassets */ = {isa = PBXFileReference; lastKnownFileType = folder.assetcatalog; path = Assets.xcassets; sourceTree = "<group>"; };
		FB66E8DA2868409F004B1DCF /* Base */ = {isa = PBXFileReference; lastKnownFileType = file.storyboard; name = Base; path = Base.lproj/LaunchScreen.storyboard; sourceTree = "<group>"; };
		FB66E8DC2868409F004B1DCF /* Info.plist */ = {isa = PBXFileReference; lastKnownFileType = text.plist.xml; path = Info.plist; sourceTree = "<group>"; };
		FB66E8E12868409F004B1DCF /* TodoAppTests.xctest */ = {isa = PBXFileReference; explicitFileType = wrapper.cfbundle; includeInIndex = 0; path = TodoAppTests.xctest; sourceTree = BUILT_PRODUCTS_DIR; };
		FB66E8E52868409F004B1DCF /* TodoAppTests.swift */ = {isa = PBXFileReference; lastKnownFileType = sourcecode.swift; path = TodoAppTests.swift; sourceTree = "<group>"; };
		FB66E8EB2868409F004B1DCF /* TodoAppUITests.xctest */ = {isa = PBXFileReference; explicitFileType = wrapper.cfbundle; includeInIndex = 0; path = TodoAppUITests.xctest; sourceTree = BUILT_PRODUCTS_DIR; };
		FB66E8EF2868409F004B1DCF /* TodoAppUITests.swift */ = {isa = PBXFileReference; lastKnownFileType = sourcecode.swift; path = TodoAppUITests.swift; sourceTree = "<group>"; };
		FB66E8F12868409F004B1DCF /* TodoAppUITestsLaunchTests.swift */ = {isa = PBXFileReference; lastKnownFileType = sourcecode.swift; path = TodoAppUITestsLaunchTests.swift; sourceTree = "<group>"; };
		FB66E8FE2868436A004B1DCF /* Todo.swift */ = {isa = PBXFileReference; lastKnownFileType = sourcecode.swift; path = Todo.swift; sourceTree = "<group>"; };
		FB66E900286845DD004B1DCF /* TodoItem.swift */ = {isa = PBXFileReference; lastKnownFileType = sourcecode.swift; path = TodoItem.swift; sourceTree = "<group>"; };
/* End PBXFileReference section */

/* Begin PBXFrameworksBuildPhase section */
		FB66E8C82868409D004B1DCF /* Frameworks */ = {
			isa = PBXFrameworksBuildPhase;
			buildActionMask = 2147483647;
			files = (
			);
			runOnlyForDeploymentPostprocessing = 0;
		};
		FB66E8DE2868409F004B1DCF /* Frameworks */ = {
			isa = PBXFrameworksBuildPhase;
			buildActionMask = 2147483647;
			files = (
			);
			runOnlyForDeploymentPostprocessing = 0;
		};
		FB66E8E82868409F004B1DCF /* Frameworks */ = {
			isa = PBXFrameworksBuildPhase;
			buildActionMask = 2147483647;
			files = (
			);
			runOnlyForDeploymentPostprocessing = 0;
		};
/* End PBXFrameworksBuildPhase section */

/* Begin PBXGroup section */
		FB66E8C22868409C004B1DCF = {
			isa = PBXGroup;
			children = (
				FB66E8CD2868409D004B1DCF /* TodoApp */,
				FB66E8E42868409F004B1DCF /* TodoAppTests */,
				FB66E8EE2868409F004B1DCF /* TodoAppUITests */,
				FB66E8CC2868409D004B1DCF /* Products */,
			);
			sourceTree = "<group>";
		};
		FB66E8CC2868409D004B1DCF /* Products */ = {
			isa = PBXGroup;
			children = (
				FB66E8CB2868409D004B1DCF /* TodoApp.app */,
				FB66E8E12868409F004B1DCF /* TodoAppTests.xctest */,
				FB66E8EB2868409F004B1DCF /* TodoAppUITests.xctest */,
			);
			name = Products;
			sourceTree = "<group>";
		};
		FB66E8CD2868409D004B1DCF /* TodoApp */ = {
			isa = PBXGroup;
			children = (
				FB66E8CE2868409D004B1DCF /* AppDelegate.swift */,
				FB66E8D02868409D004B1DCF /* SceneDelegate.swift */,
				FB66E8D22868409D004B1DCF /* ViewController.swift */,
				FB66E8D42868409D004B1DCF /* Main.storyboard */,
				FB66E8D72868409F004B1DCF /* Assets.xcassets */,
				FB66E8D92868409F004B1DCF /* LaunchScreen.storyboard */,
				FB66E8DC2868409F004B1DCF /* Info.plist */,
				FB66E8FE2868436A004B1DCF /* Todo.swift */,
				FB66E900286845DD004B1DCF /* TodoItem.swift */,
			);
			path = TodoApp;
			sourceTree = "<group>";
		};
		FB66E8E42868409F004B1DCF /* TodoAppTests */ = {
			isa = PBXGroup;
			children = (
				FB66E8E52868409F004B1DCF /* TodoAppTests.swift */,
			);
			path = TodoAppTests;
			sourceTree = "<group>";
		};
		FB66E8EE2868409F004B1DCF /* TodoAppUITests */ = {
			isa = PBXGroup;
			children = (
				FB66E8EF2868409F004B1DCF /* TodoAppUITests.swift */,
				FB66E8F12868409F004B1DCF /* TodoAppUITestsLaunchTests.swift */,
			);
			path = TodoAppUITests;
			sourceTree = "<group>";
		};
/* End PBXGroup section */

/* Begin PBXNativeTarget section */
		FB66E8CA2868409D004B1DCF /* TodoApp */ = {
			isa = PBXNativeTarget;
			buildConfigurationList = FB66E8F52868409F004B1DCF /* Build configuration list for PBXNativeTarget "TodoApp" */;
			buildPhases = (
				FB66E8C72868409D004B1DCF /* Sources */,
				FB66E8C82868409D004B1DCF /* Frameworks */,
				FB66E8C92868409D004B1DCF /* Resources */,
			);
			buildRules = (
			);
			dependencies = (
			);
			name = TodoApp;
			productName = TodoApp;
			productReference = FB66E8CB2868409D004B1DCF /* TodoApp.app */;
			productType = "com.apple.product-type.application";
		};
		FB66E8E02868409F004B1DCF /* TodoAppTests */ = {
			isa = PBXNativeTarget;
			buildConfigurationList = FB66E8F82868409F004B1DCF /* Build configuration list for PBXNativeTarget "TodoAppTests" */;
			buildPhases = (
				FB66E8DD2868409F004B1DCF /* Sources */,
				FB66E8DE2868409F004B1DCF /* Frameworks */,
				FB66E8DF2868409F004B1DCF /* Resources */,
			);
			buildRules = (
			);
			dependencies = (
				FB66E8E32868409F004B1DCF /* PBXTargetDependency */,
			);
			name = TodoAppTests;
			productName = TodoAppTests;
			productReference = FB66E8E12868409F004B1DCF /* TodoAppTests.xctest */;
			productType = "com.apple.product-type.bundle.unit-test";
		};
		FB66E8EA2868409F004B1DCF /* TodoAppUITests */ = {
			isa = PBXNativeTarget;
			buildConfigurationList = FB66E8FB2868409F004B1DCF /* Build configuration list for PBXNativeTarget "TodoAppUITests" */;
			buildPhases = (
				FB66E8E72868409F004B1DCF /* Sources */,
				FB66E8E82868409F004B1DCF /* Frameworks */,
				FB66E8E92868409F004B1DCF /* Resources */,
			);
			buildRules = (
			);
			dependencies = (
				FB66E8ED2868409F004B1DCF /* PBXTargetDependency */,
			);
			name = TodoAppUITests;
			productName = TodoAppUITests;
			productReference = FB66E8EB2868409F004B1DCF /* TodoAppUITests.xctest */;
			productType = "com.apple.product-type.bundle.ui-testing";
		};
/* End PBXNativeTarget section */

/* Begin PBXProject section */
		FB66E8C32868409C004B1DCF /* Project object */ = {
			isa = PBXProject;
			attributes = {
				BuildIndependentTargetsInParallel = 1;
				LastSwiftUpdateCheck = 1340;
				LastUpgradeCheck = 1340;
				TargetAttributes = {
					FB66E8CA2868409D004B1DCF = {
						CreatedOnToolsVersion = 13.4.1;
					};
					FB66E8E02868409F004B1DCF = {
						CreatedOnToolsVersion = 13.4.1;
						TestTargetID = FB66E8CA2868409D004B1DCF;
					};
					FB66E8EA2868409F004B1DCF = {
						CreatedOnToolsVersion = 13.4.1;
						TestTargetID = FB66E8CA2868409D004B1DCF;
					};
				};
			};
			buildConfigurationList = FB66E8C62868409C004B1DCF /* Build configuration list for PBXProject "TodoApp" */;
			compatibilityVersion = "Xcode 13.0";
			developmentRegion = en;
			hasScannedForEncodings = 0;
			knownRegions = (
				en,
				Base,
			);
			mainGroup = FB66E8C22868409C004B1DCF;
			productRefGroup = FB66E8CC2868409D004B1DCF /* Products */;
			projectDirPath = "";
			projectRoot = "";
			targets = (
				FB66E8CA2868409D004B1DCF /* TodoApp */,
				FB66E8E02868409F004B1DCF /* TodoAppTests */,
				FB66E8EA2868409F004B1DCF /* TodoAppUITests */,
			);
		};
/* End PBXProject section */

/* Begin PBXResourcesBuildPhase section */
		FB66E8C92868409D004B1DCF /* Resources */ = {
			isa = PBXResourcesBuildPhase;
			buildActionMask = 2147483647;
			files = (
				FB66E8DB2868409F004B1DCF /* LaunchScreen.storyboard in Resources */,
				FB66E8D82868409F004B1DCF /* Assets.xcassets in Resources */,
				FB66E8D62868409D004B1DCF /* Main.storyboard in Resources */,
			);
			runOnlyForDeploymentPostprocessing = 0;
		};
		FB66E8DF2868409F004B1DCF /* Resources */ = {
			isa = PBXResourcesBuildPhase;
			buildActionMask = 2147483647;
			files = (
			);
			runOnlyForDeploymentPostprocessing = 0;
		};
		FB66E8E92868409F004B1DCF /* Resources */ = {
			isa = PBXResourcesBuildPhase;
			buildActionMask = 2147483647;
			files = (
			);
			runOnlyForDeploymentPostprocessing = 0;
		};
/* End PBXResourcesBuildPhase section */

/* Begin PBXSourcesBuildPhase section */
		FB66E8C72868409D004B1DCF /* Sources */ = {
			isa = PBXSourcesBuildPhase;
			buildActionMask = 2147483647;
			files = (
				FB66E901286845DD004B1DCF /* TodoItem.swift in Sources */,
				FB66E8D32868409D004B1DCF /* ViewController.swift in Sources */,
				FB66E8CF2868409D004B1DCF /* AppDelegate.swift in Sources */,
				FB66E8D12868409D004B1DCF /* SceneDelegate.swift in Sources */,
				FB66E8FF2868436A004B1DCF /* Todo.swift in Sources */,
			);
			runOnlyForDeploymentPostprocessing = 0;
		};
		FB66E8DD2868409F004B1DCF /* Sources */ = {
			isa = PBXSourcesBuildPhase;
			buildActionMask = 2147483647;
			files = (
				FB66E8E62868409F004B1DCF /* TodoAppTests.swift in Sources */,
			);
			runOnlyForDeploymentPostprocessing = 0;
		};
		FB66E8E72868409F004B1DCF /* Sources */ = {
			isa = PBXSourcesBuildPhase;
			buildActionMask = 2147483647;
			files = (
				FB66E8F22868409F004B1DCF /* TodoAppUITestsLaunchTests.swift in Sources */,
				FB66E8F02868409F004B1DCF /* TodoAppUITests.swift in Sources */,
			);
			runOnlyForDeploymentPostprocessing = 0;
		};
/* End PBXSourcesBuildPhase section */

/* Begin PBXTargetDependency section */
		FB66E8E32868409F004B1DCF /* PBXTargetDependency */ = {
			isa = PBXTargetDependency;
			target = FB66E8CA2868409D004B1DCF /* TodoApp */;
			targetProxy = FB66E8E22868409F004B1DCF /* PBXContainerItemProxy */;
		};
		FB66E8ED2868409F004B1DCF /* PBXTargetDependency */ = {
			isa = PBXTargetDependency;
			target = FB66E8CA2868409D004B1DCF /* TodoApp */;
			targetProxy = FB66E8EC2868409F004B1DCF /* PBXContainerItemProxy */;
		};
/* End PBXTargetDependency section */

/* Begin PBXVariantGroup section */
		FB66E8D42868409D004B1DCF /* Main.storyboard */ = {
			isa = PBXVariantGroup;
			children = (
				FB66E8D52868409D004B1DCF /* Base */,
			);
			name = Main.storyboard;
			sourceTree = "<group>";
		};
		FB66E8D92868409F004B1DCF /* LaunchScreen.storyboard */ = {
			isa = PBXVariantGroup;
			children = (
				FB66E8DA2868409F004B1DCF /* Base */,
			);
			name = LaunchScreen.storyboard;
			sourceTree = "<group>";
		};
/* End PBXVariantGroup section */

/* Begin XCBuildConfiguration section */
		FB66E8F32868409F004B1DCF /* Debug */ = {
			isa = XCBuildConfiguration;
			buildSettings = {
				ALWAYS_SEARCH_USER_PATHS = NO;
				CLANG_ANALYZER_NONNULL = YES;
				CLANG_ANALYZER_NUMBER_OBJECT_CONVERSION = YES_AGGRESSIVE;
				CLANG_CXX_LANGUAGE_STANDARD = "gnu++17";
				CLANG_ENABLE_MODULES = YES;
				CLANG_ENABLE_OBJC_ARC = YES;
				CLANG_ENABLE_OBJC_WEAK = YES;
				CLANG_WARN_BLOCK_CAPTURE_AUTORELEASING = YES;
				CLANG_WARN_BOOL_CONVERSION = YES;
				CLANG_WARN_COMMA = YES;
				CLANG_WARN_CONSTANT_CONVERSION = YES;
				CLANG_WARN_DEPRECATED_OBJC_IMPLEMENTATIONS = YES;
				CLANG_WARN_DIRECT_OBJC_ISA_USAGE = YES_ERROR;
				CLANG_WARN_DOCUMENTATION_COMMENTS = YES;
				CLANG_WARN_EMPTY_BODY = YES;
				CLANG_WARN_ENUM_CONVERSION = YES;
				CLANG_WARN_INFINITE_RECURSION = YES;
				CLANG_WARN_INT_CONVERSION = YES;
				CLANG_WARN_NON_LITERAL_NULL_CONVERSION = YES;
				CLANG_WARN_OBJC_IMPLICIT_RETAIN_SELF = YES;
				CLANG_WARN_OBJC_LITERAL_CONVERSION = YES;
				CLANG_WARN_OBJC_ROOT_CLASS = YES_ERROR;
				CLANG_WARN_QUOTED_INCLUDE_IN_FRAMEWORK_HEADER = YES;
				CLANG_WARN_RANGE_LOOP_ANALYSIS = YES;
				CLANG_WARN_STRICT_PROTOTYPES = YES;
				CLANG_WARN_SUSPICIOUS_MOVE = YES;
				CLANG_WARN_UNGUARDED_AVAILABILITY = YES_AGGRESSIVE;
				CLANG_WARN_UNREACHABLE_CODE = YES;
				CLANG_WARN__DUPLICATE_METHOD_MATCH = YES;
				COPY_PHASE_STRIP = NO;
				DEBUG_INFORMATION_FORMAT = dwarf;
				ENABLE_STRICT_OBJC_MSGSEND = YES;
				ENABLE_TESTABILITY = YES;
				GCC_C_LANGUAGE_STANDARD = gnu11;
				GCC_DYNAMIC_NO_PIC = NO;
				GCC_NO_COMMON_BLOCKS = YES;
				GCC_OPTIMIZATION_LEVEL = 0;
				GCC_PREPROCESSOR_DEFINITIONS = (
					"DEBUG=1",
					"$(inherited)",
				);
				GCC_WARN_64_TO_32_BIT_CONVERSION = YES;
				GCC_WARN_ABOUT_RETURN_TYPE = YES_ERROR;
				GCC_WARN_UNDECLARED_SELECTOR = YES;
				GCC_WARN_UNINITIALIZED_AUTOS = YES_AGGRESSIVE;
				GCC_WARN_UNUSED_FUNCTION = YES;
				GCC_WARN_UNUSED_VARIABLE = YES;
				IPHONEOS_DEPLOYMENT_TARGET = 15.5;
				MTL_ENABLE_DEBUG_INFO = INCLUDE_SOURCE;
				MTL_FAST_MATH = YES;
				ONLY_ACTIVE_ARCH = YES;
				SDKROOT = iphoneos;
				SWIFT_ACTIVE_COMPILATION_CONDITIONS = DEBUG;
				SWIFT_OPTIMIZATION_LEVEL = "-Onone";
			};
			name = Debug;
		};
		FB66E8F42868409F004B1DCF /* Release */ = {
			isa = XCBuildConfiguration;
			buildSettings = {
				ALWAYS_SEARCH_USER_PATHS = NO;
				CLANG_ANALYZER_NONNULL = YES;
				CLANG_ANALYZER_NUMBER_OBJECT_CONVERSION = YES_AGGRESSIVE;
				CLANG_CXX_LANGUAGE_STANDARD = "gnu++17";
				CLANG_ENABLE_MODULES = YES;
				CLANG_ENABLE_OBJC_ARC = YES;
				CLANG_ENABLE_OBJC_WEAK = YES;
				CLANG_WARN_BLOCK_CAPTURE_AUTORELEASING = YES;
				CLANG_WARN_BOOL_CONVERSION = YES;
				CLANG_WARN_COMMA = YES;
				CLANG_WARN_CONSTANT_CONVERSION = YES;
				CLANG_WARN_DEPRECATED_OBJC_IMPLEMENTATIONS = YES;
				CLANG_WARN_DIRECT_OBJC_ISA_USAGE = YES_ERROR;
				CLANG_WARN_DOCUMENTATION_COMMENTS = YES;
				CLANG_WARN_EMPTY_BODY = YES;
				CLANG_WARN_ENUM_CONVERSION = YES;
				CLANG_WARN_INFINITE_RECURSION = YES;
				CLANG_WARN_INT_CONVERSION = YES;
				CLANG_WARN_NON_LITERAL_NULL_CONVERSION = YES;
				CLANG_WARN_OBJC_IMPLICIT_RETAIN_SELF = YES;
				CLANG_WARN_OBJC_LITERAL_CONVERSION = YES;
				CLANG_WARN_OBJC_ROOT_CLASS = YES_ERROR;
				CLANG_WARN_QUOTED_INCLUDE_IN_FRAMEWORK_HEADER = YES;
				CLANG_WARN_RANGE_LOOP_ANALYSIS = YES;
				CLANG_WARN_STRICT_PROTOTYPES = YES;
				CLANG_WARN_SUSPICIOUS_MOVE = YES;
				CLANG_WARN_UNGUARDED_AVAILABILITY = YES_AGGRESSIVE;
				CLANG_WARN_UNREACHABLE_CODE = YES;
				CLANG_WARN__DUPLICATE_METHOD_MATCH = YES;
				COPY_PHASE_STRIP = NO;
				DEBUG_INFORMATION_FORMAT = "dwarf-with-dsym";
				ENABLE_NS_ASSERTIONS = NO;
				ENABLE_STRICT_OBJC_MSGSEND = YES;
				GCC_C_LANGUAGE_STANDARD = gnu11;
				GCC_NO_COMMON_BLOCKS = YES;
				GCC_WARN_64_TO_32_BIT_CONVERSION = YES;
				GCC_WARN_ABOUT_RETURN_TYPE = YES_ERROR;
				GCC_WARN_UNDECLARED_SELECTOR = YES;
				GCC_WARN_UNINITIALIZED_AUTOS = YES_AGGRESSIVE;
				GCC_WARN_UNUSED_FUNCTION = YES;
				GCC_WARN_UNUSED_VARIABLE = YES;
				IPHONEOS_DEPLOYMENT_TARGET = 15.5;
				MTL_ENABLE_DEBUG_INFO = NO;
				MTL_FAST_MATH = YES;
				SDKROOT = iphoneos;
				SWIFT_COMPILATION_MODE = wholemodule;
				SWIFT_OPTIMIZATION_LEVEL = "-O";
				VALIDATE_PRODUCT = YES;
			};
			name = Release;
		};
		FB66E8F62868409F004B1DCF /* Debug */ = {
			isa = XCBuildConfiguration;
			buildSettings = {
				ASSETCATALOG_COMPILER_APPICON_NAME = AppIcon;
				ASSETCATALOG_COMPILER_GLOBAL_ACCENT_COLOR_NAME = AccentColor;
				CODE_SIGN_STYLE = Automatic;
				CURRENT_PROJECT_VERSION = 1;
				GENERATE_INFOPLIST_FILE = YES;
				INFOPLIST_FILE = TodoApp/Info.plist;
				INFOPLIST_KEY_UIApplicationSupportsIndirectInputEvents = YES;
				INFOPLIST_KEY_UILaunchStoryboardName = LaunchScreen;
				INFOPLIST_KEY_UIMainStoryboardFile = Main;
				INFOPLIST_KEY_UISupportedInterfaceOrientations_iPad = "UIInterfaceOrientationPortrait UIInterfaceOrientationPortraitUpsideDown UIInterfaceOrientationLandscapeLeft UIInterfaceOrientationLandscapeRight";
				INFOPLIST_KEY_UISupportedInterfaceOrientations_iPhone = "UIInterfaceOrientationPortrait UIInterfaceOrientationLandscapeLeft UIInterfaceOrientationLandscapeRight";
				LD_RUNPATH_SEARCH_PATHS = (
					"$(inherited)",
					"@executable_path/Frameworks",
				);
				MARKETING_VERSION = 1.0;
				PRODUCT_BUNDLE_IDENTIFIER = com.pakornpat.TodoApp;
				PRODUCT_NAME = "$(TARGET_NAME)";
				SWIFT_EMIT_LOC_STRINGS = YES;
				SWIFT_VERSION = 5.0;
				TARGETED_DEVICE_FAMILY = "1,2";
			};
			name = Debug;
		};
		FB66E8F72868409F004B1DCF /* Release */ = {
			isa = XCBuildConfiguration;
			buildSettings = {
				ASSETCATALOG_COMPILER_APPICON_NAME = AppIcon;
				ASSETCATALOG_COMPILER_GLOBAL_ACCENT_COLOR_NAME = AccentColor;
				CODE_SIGN_STYLE = Automatic;
				CURRENT_PROJECT_VERSION = 1;
				GENERATE_INFOPLIST_FILE = YES;
				INFOPLIST_FILE = TodoApp/Info.plist;
				INFOPLIST_KEY_UIApplicationSupportsIndirectInputEvents = YES;
				INFOPLIST_KEY_UILaunchStoryboardName = LaunchScreen;
				INFOPLIST_KEY_UIMainStoryboardFile = Main;
				INFOPLIST_KEY_UISupportedInterfaceOrientations_iPad = "UIInterfaceOrientationPortrait UIInterfaceOrientationPortraitUpsideDown UIInterfaceOrientationLandscapeLeft UIInterfaceOrientationLandscapeRight";
				INFOPLIST_KEY_UISupportedInterfaceOrientations_iPhone = "UIInterfaceOrientationPortrait UIInterfaceOrientationLandscapeLeft UIInterfaceOrientationLandscapeRight";
				LD_RUNPATH_SEARCH_PATHS = (
					"$(inherited)",
					"@executable_path/Frameworks",
				);
				MARKETING_VERSION = 1.0;
				PRODUCT_BUNDLE_IDENTIFIER = com.pakornpat.TodoApp;
				PRODUCT_NAME = "$(TARGET_NAME)";
				SWIFT_EMIT_LOC_STRINGS = YES;
				SWIFT_VERSION = 5.0;
				TARGETED_DEVICE_FAMILY = "1,2";
			};
			name = Release;
		};
		FB66E8F92868409F004B1DCF /* Debug */ = {
			isa = XCBuildConfiguration;
			buildSettings = {
				ALWAYS_EMBED_SWIFT_STANDARD_LIBRARIES = YES;
				BUNDLE_LOADER = "$(TEST_HOST)";
				CODE_SIGN_STYLE = Automatic;
				CURRENT_PROJECT_VERSION = 1;
				GENERATE_INFOPLIST_FILE = YES;
				IPHONEOS_DEPLOYMENT_TARGET = 15.5;
				MARKETING_VERSION = 1.0;
				PRODUCT_BUNDLE_IDENTIFIER = com.pakornpat.TodoAppTests;
				PRODUCT_NAME = "$(TARGET_NAME)";
				SWIFT_EMIT_LOC_STRINGS = NO;
				SWIFT_VERSION = 5.0;
				TARGETED_DEVICE_FAMILY = "1,2";
				TEST_HOST = "$(BUILT_PRODUCTS_DIR)/TodoApp.app/TodoApp";
			};
			name = Debug;
		};
		FB66E8FA2868409F004B1DCF /* Release */ = {
			isa = XCBuildConfiguration;
			buildSettings = {
				ALWAYS_EMBED_SWIFT_STANDARD_LIBRARIES = YES;
				BUNDLE_LOADER = "$(TEST_HOST)";
				CODE_SIGN_STYLE = Automatic;
				CURRENT_PROJECT_VERSION = 1;
				GENERATE_INFOPLIST_FILE = YES;
				IPHONEOS_DEPLOYMENT_TARGET = 15.5;
				MARKETING_VERSION = 1.0;
				PRODUCT_BUNDLE_IDENTIFIER = com.pakornpat.TodoAppTests;
				PRODUCT_NAME = "$(TARGET_NAME)";
				SWIFT_EMIT_LOC_STRINGS = NO;
				SWIFT_VERSION = 5.0;
				TARGETED_DEVICE_FAMILY = "1,2";
				TEST_HOST = "$(BUILT_PRODUCTS_DIR)/TodoApp.app/TodoApp";
			};
			name = Release;
		};
		FB66E8FC2868409F004B1DCF /* Debug */ = {
			isa = XCBuildConfiguration;
			buildSettings = {
				ALWAYS_EMBED_SWIFT_STANDARD_LIBRARIES = YES;
				CODE_SIGN_STYLE = Automatic;
				CURRENT_PROJECT_VERSION = 1;
				GENERATE_INFOPLIST_FILE = YES;
				MARKETING_VERSION = 1.0;
				PRODUCT_BUNDLE_IDENTIFIER = com.pakornpat.TodoAppUITests;
				PRODUCT_NAME = "$(TARGET_NAME)";
				SWIFT_EMIT_LOC_STRINGS = NO;
				SWIFT_VERSION = 5.0;
				TARGETED_DEVICE_FAMILY = "1,2";
				TEST_TARGET_NAME = TodoApp;
			};
			name = Debug;
		};
		FB66E8FD2868409F004B1DCF /* Release */ = {
			isa = XCBuildConfiguration;
			buildSettings = {
				ALWAYS_EMBED_SWIFT_STANDARD_LIBRARIES = YES;
				CODE_SIGN_STYLE = Automatic;
				CURRENT_PROJECT_VERSION = 1;
				GENERATE_INFOPLIST_FILE = YES;
				MARKETING_VERSION = 1.0;
				PRODUCT_BUNDLE_IDENTIFIER = com.pakornpat.TodoAppUITests;
				PRODUCT_NAME = "$(TARGET_NAME)";
				SWIFT_EMIT_LOC_STRINGS = NO;
				SWIFT_VERSION = 5.0;
				TARGETED_DEVICE_FAMILY = "1,2";
				TEST_TARGET_NAME = TodoApp;
			};
			name = Release;
		};
/* End XCBuildConfiguration section */

/* Begin XCConfigurationList section */
		FB66E8C62868409C004B1DCF /* Build configuration list for PBXProject "TodoApp" */ = {
			isa = XCConfigurationList;
			buildConfigurations = (
				FB66E8F32868409F004B1DCF /* Debug */,
				FB66E8F42868409F004B1DCF /* Release */,
			);
			defaultConfigurationIsVisible = 0;
			defaultConfigurationName = Release;
		};
		FB66E8F52868409F004B1DCF /* Build configuration list for PBXNativeTarget "TodoApp" */ = {
			isa = XCConfigurationList;
			buildConfigurations = (
				FB66E8F62868409F004B1DCF /* Debug */,
				FB66E8F72868409F004B1DCF /* Release */,
			);
			defaultConfigurationIsVisible = 0;
			defaultConfigurationName = Release;
		};
		FB66E8F82868409F004B1DCF /* Build configuration list for PBXNativeTarget "TodoAppTests" */ = {
			isa = XCConfigurationList;
			buildConfigurations = (
				FB66E8F92868409F004B1DCF /* Debug */,
				FB66E8FA2868409F004B1DCF /* Release */,
			);
			defaultConfigurationIsVisible = 0;
			defaultConfigurationName = Release;
		};
		FB66E8FB2868409F004B1DCF /* Build configuration list for PBXNativeTarget "TodoAppUITests" */ = {
			isa = XCConfigurationList;
			buildConfigurations = (
				FB66E8FC2868409F004B1DCF /* Debug */,
				FB66E8FD2868409F004B1DCF /* Release */,
			);
			defaultConfigurationIsVisible = 0;
			defaultConfigurationName = Release;
		};
/* End XCConfigurationList section */
	};
	rootObject = FB66E8C32868409C004B1DCF /* Project object */;
}
